# THIS IS AN AUTOGENERATED FILE. DO NOT EDIT THIS FILE DIRECTLY.
# yarn lockfile v1


nodemailer@^6.4.3:
  version "6.4.3"
  resolved "https://registry.yarnpkg.com/nodemailer/-/nodemailer-6.4.3.tgz#10d29195fb020e3297495bcba39d3519b23483f3"
  integrity sha512-zmx4MTzYWQo2abFexvFYVURaiBGLekoA/yjP2Ctigd82hYtC4n38pcphQBi805t7AB2sY6DwmxnP/tb77f3KHA==
